
Microsoft Visual Studio Solution File, Format Version 12.00
# Visual Studio Version 17
VisualStudioVersion = 17.5.002.0
MinimumVisualStudioVersion = 10.0.40219.1
Project("{9A19103F-16F7-4668-BE54-9A1E7A4F7556}") = "AspNetIdentityCoreApp.Web", "AspNetIdentityCoreApp.Web.csproj", "{D7441109-24F8-488F-8923-731B286773FC}"
EndProject
Global
	GlobalSection(SolutionConfigurationPlatforms) = preSolution
		Debug|Any CPU = Debug|Any CPU
		Release|Any CPU = Release|Any CPU
	EndGlobalSection
	GlobalSection(ProjectConfigurationPlatforms) = postSolution
		{D7441109-24F8-488F-8923-731B286773FC}.Debug|Any CPU.ActiveCfg = Debug|Any CPU
		{D7441109-24F8-488F-8923-731B286773FC}.Debug|Any CPU.Build.0 = Debug|Any CPU
		{D7441109-24F8-488F-8923-731B286773FC}.Release|Any CPU.ActiveCfg = Release|Any CPU
		{D7441109-24F8-488F-8923-731B286773FC}.Release|Any CPU.Build.0 = Release|Any CPU
	EndGlobalSection
	GlobalSection(SolutionProperties) = preSolution
		HideSolutionNode = FALSE
	EndGlobalSection
	GlobalSection(ExtensibilityGlobals) = postSolution
		SolutionGuid = {8220235E-6593-495A-AC0F-CC3D004C5AF5}
	EndGlobalSection
EndGlobal
